
Microsoft Visual Studio Solution File, Format Version 12.00
# Visual Studio Version 17
VisualStudioVersion = 17.10.34928.147
MinimumVisualStudioVersion = 10.0.40219.1
Project("{FAE04EC0-301F-11D3-BF4B-00C04F79EFBC}") = "WpfThemer", "WpfThemer.csproj", "{78BED580-358D-4DD6-A4EB-D3A2B61EF2D8}"
EndProject
Project("{FAE04EC0-301F-11D3-BF4B-00C04F79EFBC}") = "Test", "Test\Test.csproj", "{43955F6E-AC35-49A4-8E47-383BF74F16D4}"
EndProject
Global
	GlobalSection(SolutionConfigurationPlatforms) = preSolution
		Debug|Any CPU = Debug|Any CPU
		Release|Any CPU = Release|Any CPU
	EndGlobalSection
	GlobalSection(ProjectConfigurationPlatforms) = postSolution
		{78BED580-358D-4DD6-A4EB-D3A2B61EF2D8}.Debug|Any CPU.ActiveCfg = Debug|Any CPU
		{78BED580-358D-4DD6-A4EB-D3A2B61EF2D8}.Debug|Any CPU.Build.0 = Debug|Any CPU
		{78BED580-358D-4DD6-A4EB-D3A2B61EF2D8}.Release|Any CPU.ActiveCfg = Release|Any CPU
		{78BED580-358D-4DD6-A4EB-D3A2B61EF2D8}.Release|Any CPU.Build.0 = Release|Any CPU
		{43955F6E-AC35-49A4-8E47-383BF74F16D4}.Debug|Any CPU.ActiveCfg = Debug|Any CPU
		{43955F6E-AC35-49A4-8E47-383BF74F16D4}.Debug|Any CPU.Build.0 = Debug|Any CPU
		{43955F6E-AC35-49A4-8E47-383BF74F16D4}.Release|Any CPU.ActiveCfg = Release|Any CPU
		{43955F6E-AC35-49A4-8E47-383BF74F16D4}.Release|Any CPU.Build.0 = Release|Any CPU
	EndGlobalSection
	GlobalSection(SolutionProperties) = preSolution
		HideSolutionNode = FALSE
	EndGlobalSection
	GlobalSection(ExtensibilityGlobals) = postSolution
		SolutionGuid = {2987447E-03D0-4F5C-B2EA-CB5D001A5B42}
	EndGlobalSection
EndGlobal
